{
  "name": "mini-program-serverless",
  "version": "1.0.1",
  "lockfileVersion": 1,
  "requires": true,
  "dependencies": {
    "@alicloud/mpserverless-sdk": {
      "version": "2.3.2",
      "resolved": "https://registry.npm.taobao.org/@alicloud/mpserverless-sdk/download/@alicloud/mpserverless-sdk-2.3.2.tgz",
      "integrity": "sha1-qx+SdfWnZpN3aWhUI1iezmEdoEw="
    },
    "@alicloud/tea-typescript": {
      "version": "1.6.0",
      "resolved": "https://registry.npm.taobao.org/@alicloud/tea-typescript/download/@alicloud/tea-typescript-1.6.0.tgz",
      "integrity": "sha1-uvY3n+Q4wAdPOdBg9tRB1Z7rKAo=",
      "requires": {
        "@types/node": "^12.0.2",
        "httpx": "^2.2.2"
      }
    },
    "@types/node": {
      "version": "12.12.47",
      "resolved": "https://registry.npm.taobao.org/@types/node/download/@types/node-12.12.47.tgz?cache=0&sync_timestamp=1591735025911&other_urls=https%3A%2F%2Fregistry.npm.taobao.org%2F%40types%2Fnode%2Fdownload%2F%40types%2Fnode-12.12.47.tgz",
      "integrity": "sha1-UAe4hmovkVDegjNcp+JN0dWb37U="
    },
    "alipay-serverless-sdk": {
      "version": "0.0.7",
      "resolved": "https://registry.npm.taobao.org/alipay-serverless-sdk/download/alipay-serverless-sdk-0.0.7.tgz?cache=0&sync_timestamp=1587041795534&other_urls=https%3A%2F%2Fregistry.npm.taobao.org%2Falipay-serverless-sdk%2Fdownload%2Falipay-serverless-sdk-0.0.7.tgz",
      "integrity": "sha1-gbtU16z2thWbCByonPvs+g+gc6o=",
      "requires": {
        "@alicloud/mpserverless-sdk": "^2.2.5",
        "@alicloud/tea-typescript": "^1.6.0",
        "mpserverless-sdk-core": "^0.0.14"
      }
    },
    "debug": {
      "version": "4.1.1",
      "resolved": "https://registry.npm.taobao.org/debug/download/debug-4.1.1.tgz",
      "integrity": "sha1-O3ImAlUQnGtYnO4FDx1RYTlmR5E=",
      "requires": {
        "ms": "^2.1.1"
      }
    },
    "domelementtype": {
      "version": "1.3.1",
      "resolved": "https://registry.npm.taobao.org/domelementtype/download/domelementtype-1.3.1.tgz?cache=0&other_urls=https%3A%2F%2Fregistry.npm.taobao.org%2Fdomelementtype%2Fdownload%2Fdomelementtype-1.3.1.tgz",
      "integrity": "sha1-0EjESzew0Qp/Kj1f7j9DM9eQSB8="
    },
    "domhandler": {
      "version": "2.4.2",
      "resolved": "https://registry.npm.taobao.org/domhandler/download/domhandler-2.4.2.tgz",
      "integrity": "sha1-iAUJfpM9ZehVRvcm1g9euItE+AM=",
      "requires": {
        "domelementtype": "1"
      }
    },
    "entities": {
      "version": "1.1.2",
      "resolved": "https://registry.npm.taobao.org/entities/download/entities-1.1.2.tgz",
      "integrity": "sha1-vfpzUplmTfr9NFKe1PhSKidf6lY="
    },
    "events": {
      "version": "3.1.0",
      "resolved": "https://registry.npm.taobao.org/events/download/events-3.1.0.tgz",
      "integrity": "sha1-hCea8bNMt1qoi/X/KR9tC9mzGlk="
    },
    "httpx": {
      "version": "2.2.3",
      "resolved": "https://registry.npm.taobao.org/httpx/download/httpx-2.2.3.tgz?cache=0&sync_timestamp=1581480456020&other_urls=https%3A%2F%2Fregistry.npm.taobao.org%2Fhttpx%2Fdownload%2Fhttpx-2.2.3.tgz",
      "integrity": "sha1-t+xOVMGUahPzrWY5SDzgO6KA+yQ=",
      "requires": {
        "@types/node": "^12.0.2",
        "debug": "^4.1.1"
      }
    },
    "mini-antui": {
      "version": "0.4.35",
      "resolved": "https://registry.npm.taobao.org/mini-antui/download/mini-antui-0.4.35.tgz",
      "integrity": "sha1-4y2N8cZKxVj4Rx2y5GBzsg3k3Sw="
    },
    "mini-html-parser2": {
      "version": "0.1.4",
      "resolved": "https://registry.npm.taobao.org/mini-html-parser2/download/mini-html-parser2-0.1.4.tgz",
      "integrity": "sha1-/pcr12yTI3oUqUQFc/val/2MDmE=",
      "requires": {
        "domhandler": "^2.4.2",
        "entities": "^1.1.1",
        "events": "^3.0.0"
      }
    },
    "mpserverless-sdk-core": {
      "version": "0.0.14",
      "resolved": "https://registry.npm.taobao.org/mpserverless-sdk-core/download/mpserverless-sdk-core-0.0.14.tgz",
      "integrity": "sha1-oNeD4qi5M4gq8r3CfiSS6zKM/CU=",
      "requires": {
        "@alicloud/tea-typescript": "^1.6.0"
      }
    },
    "ms": {
      "version": "2.1.2",
      "resolved": "https://registry.npm.taobao.org/ms/download/ms-2.1.2.tgz",
      "integrity": "sha1-0J0fNXtEP0kzgqjrPM0YOHKuYAk="
    }
  }
}
